
Microsoft Visual Studio Solution File, Format Version 12.00
# Visual Studio Version 16
VisualStudioVersion = 16.0.31624.102
MinimumVisualStudioVersion = 10.0.40219.1
Project("{FAE04EC0-301F-11D3-BF4B-00C04F79EFBC}") = "Hundo-MVC", "Hundo-MVC\Hundo-MVC.csproj", "{A3D353FD-893A-4FA5-9E8D-AE587E25AA60}"
EndProject
Global
	GlobalSection(SolutionConfigurationPlatforms) = preSolution
		Debug|Any CPU = Debug|Any CPU
		Release|Any CPU = Release|Any CPU
	EndGlobalSection
	GlobalSection(ProjectConfigurationPlatforms) = postSolution
		{A3D353FD-893A-4FA5-9E8D-AE587E25AA60}.Debug|Any CPU.ActiveCfg = Debug|Any CPU
		{A3D353FD-893A-4FA5-9E8D-AE587E25AA60}.Debug|Any CPU.Build.0 = Debug|Any CPU
		{A3D353FD-893A-4FA5-9E8D-AE587E25AA60}.Release|Any CPU.ActiveCfg = Release|Any CPU
		{A3D353FD-893A-4FA5-9E8D-AE587E25AA60}.Release|Any CPU.Build.0 = Release|Any CPU
	EndGlobalSection
	GlobalSection(SolutionProperties) = preSolution
		HideSolutionNode = FALSE
	EndGlobalSection
	GlobalSection(ExtensibilityGlobals) = postSolution
		SolutionGuid = {23C4BAA5-F941-44E3-B67E-6A0C6D838683}
	EndGlobalSection
EndGlobal
